
Microsoft Visual Studio Solution File, Format Version 12.00
# Visual Studio Version 16
VisualStudioVersion = 16.0.30413.136
MinimumVisualStudioVersion = 10.0.40219.1
Project("{FAE04EC0-301F-11D3-BF4B-00C04F79EFBC}") = "SmoothieDemo", "SmoothieDemo\SmoothieDemo.csproj", "{89EB7C7A-2020-4A6C-B68D-8F144858A2C9}"
EndProject
Global
	GlobalSection(SolutionConfigurationPlatforms) = preSolution
		Debug|Any CPU = Debug|Any CPU
		Release|Any CPU = Release|Any CPU
	EndGlobalSection
	GlobalSection(ProjectConfigurationPlatforms) = postSolution
		{89EB7C7A-2020-4A6C-B68D-8F144858A2C9}.Debug|Any CPU.ActiveCfg = Debug|Any CPU
		{89EB7C7A-2020-4A6C-B68D-8F144858A2C9}.Debug|Any CPU.Build.0 = Debug|Any CPU
		{89EB7C7A-2020-4A6C-B68D-8F144858A2C9}.Release|Any CPU.ActiveCfg = Release|Any CPU
		{89EB7C7A-2020-4A6C-B68D-8F144858A2C9}.Release|Any CPU.Build.0 = Release|Any CPU
	EndGlobalSection
	GlobalSection(SolutionProperties) = preSolution
		HideSolutionNode = FALSE
	EndGlobalSection
	GlobalSection(ExtensibilityGlobals) = postSolution
		SolutionGuid = {8C0723E4-B9C7-4E7A-B8A1-EF84CF76FDDD}
	EndGlobalSection
EndGlobal
